
Microsoft Visual Studio Solution File, Format Version 12.00
# Visual Studio Version 16
VisualStudioVersion = 16.0.29613.14
MinimumVisualStudioVersion = 10.0.40219.1
Project("{9A19103F-16F7-4668-BE54-9A1E7A4F7556}") = "OOP2", "ConsoleApp8\OOP2.csproj", "{8E4D5857-087A-4EB4-9CE6-D507C3E2360F}"
EndProject
Global
	GlobalSection(SolutionConfigurationPlatforms) = preSolution
		Debug|Any CPU = Debug|Any CPU
		Release|Any CPU = Release|Any CPU
	EndGlobalSection
	GlobalSection(ProjectConfigurationPlatforms) = postSolution
		{8E4D5857-087A-4EB4-9CE6-D507C3E2360F}.Debug|Any CPU.ActiveCfg = Debug|Any CPU
		{8E4D5857-087A-4EB4-9CE6-D507C3E2360F}.Debug|Any CPU.Build.0 = Debug|Any CPU
		{8E4D5857-087A-4EB4-9CE6-D507C3E2360F}.Release|Any CPU.ActiveCfg = Release|Any CPU
		{8E4D5857-087A-4EB4-9CE6-D507C3E2360F}.Release|Any CPU.Build.0 = Release|Any CPU
	EndGlobalSection
	GlobalSection(SolutionProperties) = preSolution
		HideSolutionNode = FALSE
	EndGlobalSection
	GlobalSection(ExtensibilityGlobals) = postSolution
		SolutionGuid = {CADAF550-A80F-49F5-BBD4-228E5FED27AE}
	EndGlobalSection
EndGlobal
